{
  "originHash" : "ed89ebd7a75e128f0d477e14200a73e776eed457c9847b230d8a8b78b84f6149",
  "pins" : [
    {
      "identity" : "ansi",
      "kind" : "remoteSourceControl",
      "location" : "https://github.com/leviouwendijk/ANSI.git",
      "state" : {
        "branch" : "master",
        "revision" : "073d9ca7870b688a312608acf14eae6ba052c0d6"
      }
    },
    {
      "identity" : "arguments",
      "kind" : "remoteSourceControl",
      "location" : "https://github.com/leviouwendijk/Arguments.git",
      "state" : {
        "branch" : "master",
        "revision" : "d4ea1ad418c54380fde04cefacf5d59fa90054ba"
      }
    },
    {
      "identity" : "difference",
      "kind" : "remoteSourceControl",
      "location" : "https://github.com/leviouwendijk/Difference.git",
      "state" : {
        "branch" : "master",
        "revision" : "3fa70acbc0b96bbaf5a5021e362b48e399ca6c1e"
      }
    },
    {
      "identity" : "filetypes",
      "kind" : "remoteSourceControl",
      "location" : "https://github.com/leviouwendijk/FileTypes.git",
      "state" : {
        "branch" : "master",
        "revision" : "f0c1d8bf5beda0de51c9e95b687fbdec9e4ce7b0"
      }
    },
    {
      "identity" : "io",
      "kind" : "remoteSourceControl",
      "location" : "https://github.com/leviouwendijk/IO.git",
      "state" : {
        "branch" : "master",
        "revision" : "cb8775249cb785f25ddee26caeae6c2db07eaa2e"
      }
    },
    {
      "identity" : "media",
      "kind" : "remoteSourceControl",
      "location" : "https://github.com/leviouwendijk/Media.git",
      "state" : {
        "branch" : "master",
        "revision" : "06bf0fad84dda65a801315ca5598a720cca35cdc"
      }
    },
    {
      "identity" : "methods",
      "kind" : "remoteSourceControl",
      "location" : "https://github.com/leviouwendijk/Methods.git",
      "state" : {
        "branch" : "master",
        "revision" : "62656c2e32b7889df68415464b67b440f7e7e464"
      }
    },
    {
      "identity" : "parsing",
      "kind" : "remoteSourceControl",
      "location" : "https://github.com/leviouwendijk/Parsing.git",
      "state" : {
        "branch" : "master",
        "revision" : "b415cec83b0499158df5d0faeb760a2d4943d236"
      }
    },
    {
      "identity" : "path",
      "kind" : "remoteSourceControl",
      "location" : "https://github.com/leviouwendijk/Path.git",
      "state" : {
        "branch" : "master",
        "revision" : "95fefcdcb3b27fac6163cc998911fcc8a223ccf1"
      }
    },
    {
      "identity" : "position",
      "kind" : "remoteSourceControl",
      "location" : "https://github.com/leviouwendijk/Position.git",
      "state" : {
        "branch" : "master",
        "revision" : "c80214283130c1bd4fc1c54dd5f3c574e3e4986c"
      }
    },
    {
      "identity" : "primitives",
      "kind" : "remoteSourceControl",
      "location" : "https://github.com/leviouwendijk/Primitives.git",
      "state" : {
        "branch" : "master",
        "revision" : "685ba8ee4bc678c957502e7dde25c59d0c192d4a"
      }
    },
    {
      "identity" : "protocolcomponents",
      "kind" : "remoteSourceControl",
      "location" : "https://github.com/leviouwendijk/ProtocolComponents.git",
      "state" : {
        "branch" : "master",
        "revision" : "866ef7b22350aac41f455c5b2188f95f411a4507"
      }
    },
    {
      "identity" : "schema",
      "kind" : "remoteSourceControl",
      "location" : "https://github.com/leviouwendijk/Schema.git",
      "state" : {
        "branch" : "master",
        "revision" : "c8c2c3871056cc3bd151ec70081d68baee9eba5a"
      }
    },
    {
      "identity" : "strings",
      "kind" : "remoteSourceControl",
      "location" : "https://github.com/leviouwendijk/Strings",
      "state" : {
        "branch" : "master",
        "revision" : "86a939d7bbb3e25808f88fbcedcee4069a5a5ae1"
      }
    },
    {
      "identity" : "swift-syntax",
      "kind" : "remoteSourceControl",
      "location" : "https://github.com/swiftlang/swift-syntax.git",
      "state" : {
        "revision" : "79e4b74a295b6eb74a8b585e3a39d29e70c1dbd1",
        "version" : "603.0.2"
      }
    },
    {
      "identity" : "terminal",
      "kind" : "remoteSourceControl",
      "location" : "https://github.com/leviouwendijk/Terminal.git",
      "state" : {
        "branch" : "master",
        "revision" : "d11451d89d1617ce912e33723d6194acad384838"
      }
    },
    {
      "identity" : "testflows",
      "kind" : "remoteSourceControl",
      "location" : "https://github.com/leviouwendijk/TestFlows.git",
      "state" : {
        "branch" : "master",
        "revision" : "ef72deb44f924372959189d0c258c5cf7e2ba8ae"
      }
    }
  ],
  "version" : 3
}
